
Microsoft Visual Studio Solution File, Format Version 12.00
# Visual Studio Version 17
VisualStudioVersion = 17.7.34024.191
MinimumVisualStudioVersion = 10.0.40219.1
Project("{FAE04EC0-301F-11D3-BF4B-00C04F79EFBC}") = "GUI", "QuanLyDiemHSTH\GUI.csproj", "{E790B0FB-052A-4D23-BCA9-D2A44D696466}"
EndProject
Project("{FAE04EC0-301F-11D3-BF4B-00C04F79EFBC}") = "BUS", "BUS\BUS.csproj", "{0390DEDA-B81A-45F9-A3A7-9C451A4140B6}"
EndProject
Project("{FAE04EC0-301F-11D3-BF4B-00C04F79EFBC}") = "DAO", "DAO\DAO.csproj", "{F87DE589-66FA-4316-BE0C-B6F88B154A16}"
EndProject
Project("{FAE04EC0-301F-11D3-BF4B-00C04F79EFBC}") = "DTO", "DTO\DTO.csproj", "{62292879-06EA-49BC-865F-81B1C17D37AB}"
EndProject
Global
	GlobalSection(SolutionConfigurationPlatforms) = preSolution
		Debug|Any CPU = Debug|Any CPU
		Release|Any CPU = Release|Any CPU
	EndGlobalSection
	GlobalSection(ProjectConfigurationPlatforms) = postSolution
		{E790B0FB-052A-4D23-BCA9-D2A44D696466}.Debug|Any CPU.ActiveCfg = Debug|Any CPU
		{E790B0FB-052A-4D23-BCA9-D2A44D696466}.Debug|Any CPU.Build.0 = Debug|Any CPU
		{E790B0FB-052A-4D23-BCA9-D2A44D696466}.Release|Any CPU.ActiveCfg = Release|Any CPU
		{E790B0FB-052A-4D23-BCA9-D2A44D696466}.Release|Any CPU.Build.0 = Release|Any CPU
		{0390DEDA-B81A-45F9-A3A7-9C451A4140B6}.Debug|Any CPU.ActiveCfg = Debug|Any CPU
		{0390DEDA-B81A-45F9-A3A7-9C451A4140B6}.Debug|Any CPU.Build.0 = Debug|Any CPU
		{0390DEDA-B81A-45F9-A3A7-9C451A4140B6}.Release|Any CPU.ActiveCfg = Release|Any CPU
		{0390DEDA-B81A-45F9-A3A7-9C451A4140B6}.Release|Any CPU.Build.0 = Release|Any CPU
		{F87DE589-66FA-4316-BE0C-B6F88B154A16}.Debug|Any CPU.ActiveCfg = Debug|Any CPU
		{F87DE589-66FA-4316-BE0C-B6F88B154A16}.Debug|Any CPU.Build.0 = Debug|Any CPU
		{F87DE589-66FA-4316-BE0C-B6F88B154A16}.Release|Any CPU.ActiveCfg = Release|Any CPU
		{F87DE589-66FA-4316-BE0C-B6F88B154A16}.Release|Any CPU.Build.0 = Release|Any CPU
		{62292879-06EA-49BC-865F-81B1C17D37AB}.Debug|Any CPU.ActiveCfg = Debug|Any CPU
		{62292879-06EA-49BC-865F-81B1C17D37AB}.Debug|Any CPU.Build.0 = Debug|Any CPU
		{62292879-06EA-49BC-865F-81B1C17D37AB}.Release|Any CPU.ActiveCfg = Release|Any CPU
		{62292879-06EA-49BC-865F-81B1C17D37AB}.Release|Any CPU.Build.0 = Release|Any CPU
	EndGlobalSection
	GlobalSection(SolutionProperties) = preSolution
		HideSolutionNode = FALSE
	EndGlobalSection
	GlobalSection(ExtensibilityGlobals) = postSolution
		SolutionGuid = {D5B3B23C-D61F-43B3-94FC-79FB1083F0BA}
	EndGlobalSection
EndGlobal
